{
  "version": 4,
  "terraform_version": "1.9.5",
  "serial": 15,
  "lineage": "0bf396c1-9b01-20a4-f33b-dedfa6f9dec3",
  "outputs": {},
  "resources": [
    {
      "mode": "managed",
      "type": "github_branch_default",
      "name": "default",
      "provider": "provider[\"registry.terraform.io/integrations/github\"]",
      "instances": [
        {
          "schema_version": 0,
          "attributes": {
            "branch": "main",
            "etag": "W/\"1ad2cdde009c7ebeb5489d4c638622537b698620a10c3c2590b4dbe3eff02f34\"",
            "id": "mtc-dev-repo",
            "rename": false,
            "repository": "mtc-dev-repo"
          },
          "sensitive_attributes": [],
          "private": "bnVsbA==",
          "dependencies": [
            "github_repository.mtc_repo"
          ]
        }
      ]
    },
    {
      "mode": "managed",
      "type": "github_repository",
      "name": "mtc_repo",
      "provider": "provider[\"registry.terraform.io/integrations/github\"]",
      "instances": [
        {
          "schema_version": 1,
          "attributes": {
            "allow_auto_merge": false,
            "allow_merge_commit": true,
            "allow_rebase_merge": true,
            "allow_squash_merge": true,
            "allow_update_branch": false,
            "archive_on_destroy": null,
            "archived": false,
            "auto_init": true,
            "default_branch": "main",
            "delete_branch_on_merge": false,
            "description": "VPC and compute resources",
            "etag": "W/\"1ad2cdde009c7ebeb5489d4c638622537b698620a10c3c2590b4dbe3eff02f34\"",
            "full_name": "Saif178/mtc-dev-repo",
            "git_clone_url": "git://github.com/Saif178/mtc-dev-repo.git",
            "gitignore_template": null,
            "has_discussions": false,
            "has_downloads": false,
            "has_issues": false,
            "has_projects": false,
            "has_wiki": false,
            "homepage_url": "",
            "html_url": "https://github.com/Saif178/mtc-dev-repo",
            "http_clone_url": "https://github.com/Saif178/mtc-dev-repo.git",
            "id": "mtc-dev-repo",
            "ignore_vulnerability_alerts_during_read": null,
            "is_template": false,
            "license_template": "mit",
            "merge_commit_message": "PR_TITLE",
            "merge_commit_title": "MERGE_MESSAGE",
            "name": "mtc-dev-repo",
            "node_id": "R_kgDOMroGGg",
            "pages": [],
            "primary_language": "HCL",
            "private": true,
            "repo_id": 851052058,
            "security_and_analysis": [],
            "squash_merge_commit_message": "COMMIT_MESSAGES",
            "squash_merge_commit_title": "COMMIT_OR_PR_TITLE",
            "ssh_clone_url": "git@github.com:Saif178/mtc-dev-repo.git",
            "svn_url": "https://github.com/Saif178/mtc-dev-repo",
            "template": [],
            "topics": [],
            "visibility": "private",
            "vulnerability_alerts": false,
            "web_commit_signoff_required": false
          },
          "sensitive_attributes": [],
          "private": "eyJzY2hlbWFfdmVyc2lvbiI6IjEifQ=="
        }
      ]
    },
    {
      "mode": "managed",
      "type": "github_repository_file",
      "name": "maintf",
      "provider": "provider[\"registry.terraform.io/integrations/github\"]",
      "instances": [
        {
          "schema_version": 0,
          "attributes": {
            "branch": "main",
            "commit_author": "Saif178",
            "commit_email": "mehdi.saiful@gmail.com",
            "commit_message": "managed by Terraform",
            "commit_sha": "ef74687e50ab9060858350c66c56b06570ccd0b6",
            "content": "//--------------------------------------------------------------------\n// Variables\n\n\n\n//--------------------------------------------------------------------\n// Modules\nmodule \"compute\" {\n  source  = \"app.terraform.io/TDC-178/compute/aws\"\n  version = \"1.0.0\"\n\n  aws_region = \"us-east-1\"\n  public_key_material = \"ssh-rsa AAAAB3NzaC1yc2EAAAADAQABAAABgQC2E9wHA6TgKU0jZQ5Ksyrsfbe3R/eh/nsIV93cN+UWn/EgDPyvYxA8XIZl0sLNW5vgNjQu+0DXEOrfnSedOwTotG4yAwXRY31W/BxDtdRz2jqQCJ02fq84Qfn6oF5YwVBA3Q/Nh/Rcyyj28aFgOtVCKudNRp7q/cbKlgvI6MWSlrG5PwVMiCbE9Ze6ZR97col3uHylvUbPZ7RgRa+i9dnKPldgWfwoYmmqXU/1sN4iF49cfwCIG0syM9kGKIUQhQQ2isKB10ENGT96fWR7Vty9JAwIx35eBTpU/SHmFHzH1yIRp7+tqzAUqlpkN8YEZDXlgo0OcEVsuTkNUQJxGrFagnXtWxE1LfGGbn9boNbY13QVrZDTc/odi7WXs8vGblrnOBBcFdiOikFsrW9tsPDTtrRdh1t6bBYtcBo7ZLEbnX5+hiSRYSxMOXKTpO4bgiAqZMiM3KpPeiAUSMFc9HHQm+24aEanyaOkFffhp9hSEbf45wD5V5XBn7O6r+kPjf0= saif@Saif178\"\n  public_sg = \"${module.networking.public_sg}\"\n  public_subnets = \"${module.networking.public_subnets}\"\n}\n\n\nmodule \"networking\" {\n  source  = \"app.terraform.io/TDC-178/networking/aws\"\n  version = \"1.0.0\"\n\n  access_ip = \"0.0.0.0/0\"\n  aws_region = \"us-east1\" \n}",
            "file": "main.tf",
            "id": "mtc-dev-repo/main.tf",
            "overwrite_on_create": true,
            "ref": "main",
            "repository": "mtc-dev-repo",
            "sha": "d03010f7774f05967700352b7f121b075f63b8a1"
          },
          "sensitive_attributes": [],
          "private": "bnVsbA==",
          "dependencies": [
            "github_repository.mtc_repo"
          ]
        }
      ]
    },
    {
      "mode": "managed",
      "type": "tfe_oauth_client",
      "name": "mtc_oauth",
      "provider": "provider[\"registry.terraform.io/hashicorp/tfe\"]",
      "instances": [
        {
          "schema_version": 0,
          "attributes": {
            "agent_pool_id": null,
            "api_url": "https://api.github.com",
            "http_url": "https://github.com",
            "id": "oc-JQCDwXejuAQvy21F",
            "key": null,
            "name": null,
            "oauth_token": "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",
            "oauth_token_id": "ot-oonJFG3hANV4arwS",
            "organization": "TDC-178",
            "organization_scoped": true,
            "private_key": null,
            "rsa_public_key": null,
            "secret": null,
            "service_provider": "github"
          },
          "sensitive_attributes": [
            [
              {
                "type": "get_attr",
                "value": "oauth_token"
              }
            ],
            [
              {
                "type": "get_attr",
                "value": "key"
              }
            ],
            [
              {
                "type": "get_attr",
                "value": "secret"
              }
            ],
            [
              {
                "type": "get_attr",
                "value": "private_key"
              }
            ]
          ],
          "private": "bnVsbA=="
        }
      ]
    },
    {
      "mode": "managed",
      "type": "tfe_variable",
      "name": "aws_creds",
      "provider": "provider[\"registry.terraform.io/hashicorp/tfe\"]",
      "instances": [
        {
          "index_key": "AWS_ACCESS_KEY_ID",
          "schema_version": 1,
          "attributes": {
            "category": "env",
            "description": "",
            "hcl": false,
            "id": "var-h1WPmiQ3NDRfZgvv",
            "key": "AWS_ACCESS_KEY_ID",
            "readable_value": null,
            "sensitive": true,
            "value": "AKIAWS5B3UWSRYVYGF42",
            "variable_set_id": null,
            "workspace_id": "ws-bcTLzBftrKU2Va5U"
          },
          "sensitive_attributes": [
            [
              {
                "type": "get_attr",
                "value": "value"
              }
            ]
          ],
          "dependencies": [
            "github_repository.mtc_repo",
            "tfe_oauth_client.mtc_oauth",
            "tfe_workspace.mtc_workspace"
          ]
        },
        {
          "index_key": "AWS_SECRET_ACCESS_KEY",
          "schema_version": 1,
          "attributes": {
            "category": "env",
            "description": "",
            "hcl": false,
            "id": "var-k7V6Pkp43YviiyRe",
            "key": "AWS_SECRET_ACCESS_KEY",
            "readable_value": null,
            "sensitive": true,
            "value": "PgRSD1sD1Ocns1Qzkt+N+RtCNPN7ArbUVYEha0oA",
            "variable_set_id": null,
            "workspace_id": "ws-bcTLzBftrKU2Va5U"
          },
          "sensitive_attributes": [
            [
              {
                "type": "get_attr",
                "value": "value"
              }
            ]
          ],
          "dependencies": [
            "github_repository.mtc_repo",
            "tfe_oauth_client.mtc_oauth",
            "tfe_workspace.mtc_workspace"
          ]
        }
      ]
    },
    {
      "mode": "managed",
      "type": "tfe_workspace",
      "name": "mtc_workspace",
      "provider": "provider[\"registry.terraform.io/hashicorp/tfe\"]",
      "instances": [
        {
          "schema_version": 1,
          "attributes": {
            "agent_pool_id": "",
            "allow_destroy_plan": true,
            "assessments_enabled": false,
            "auto_apply": false,
            "auto_apply_run_trigger": false,
            "auto_destroy_activity_duration": null,
            "auto_destroy_at": "",
            "description": "",
            "execution_mode": "remote",
            "file_triggers_enabled": true,
            "force_delete": false,
            "global_remote_state": false,
            "html_url": "https://app.terraform.io/app/TDC-178/workspaces/mtc-dev-repo",
            "id": "ws-bcTLzBftrKU2Va5U",
            "ignore_additional_tag_names": null,
            "name": "mtc-dev-repo",
            "operations": true,
            "organization": "TDC-178",
            "project_id": "prj-7ZE5dhqU3fVtJq17",
            "queue_all_runs": true,
            "remote_state_consumer_ids": [],
            "resource_count": 20,
            "source_name": "",
            "source_url": "",
            "speculative_enabled": true,
            "ssh_key_id": "",
            "structured_run_output_enabled": true,
            "tag_names": [],
            "terraform_version": "1.9.5",
            "trigger_patterns": [],
            "trigger_prefixes": [],
            "vcs_repo": [
              {
                "branch": "",
                "github_app_installation_id": "",
                "identifier": "Saif178/mtc-dev-repo",
                "ingress_submodules": false,
                "oauth_token_id": "ot-oonJFG3hANV4arwS",
                "tags_regex": ""
              }
            ],
            "working_directory": ""
          },
          "sensitive_attributes": [],
          "private": "eyJzY2hlbWFfdmVyc2lvbiI6IjEifQ==",
          "dependencies": [
            "github_repository.mtc_repo",
            "tfe_oauth_client.mtc_oauth"
          ]
        }
      ]
    }
  ],
  "check_results": null
}
