{
  "version": 4,
  "terraform_version": "1.9.5",
  "serial": 3,
  "lineage": "45cfd90f-3ca7-113c-0568-3ea311ffd737",
  "outputs": {},
  "resources": [
    {
      "mode": "managed",
      "type": "github_repository",
      "name": "mtc-repo",
      "provider": "provider[\"registry.terraform.io/integrations/github\"]",
      "instances": [
        {
          "schema_version": 1,
          "attributes": {
            "allow_auto_merge": false,
            "allow_merge_commit": true,
            "allow_rebase_merge": true,
            "allow_squash_merge": true,
            "allow_update_branch": false,
            "archive_on_destroy": null,
            "archived": false,
            "auto_init": true,
            "default_branch": "main",
            "delete_branch_on_merge": false,
            "description": "Code for MTC",
            "etag": "W/\"0c39821b14b52935857d3d538ccf8b73097bc09b31a9158a75ca537b4a57c9b5\"",
            "full_name": "Saif178/mtc-repo",
            "git_clone_url": "git://github.com/Saif178/mtc-repo.git",
            "gitignore_template": null,
            "has_discussions": false,
            "has_downloads": false,
            "has_issues": false,
            "has_projects": false,
            "has_wiki": false,
            "homepage_url": "",
            "html_url": "https://github.com/Saif178/mtc-repo",
            "http_clone_url": "https://github.com/Saif178/mtc-repo.git",
            "id": "mtc-repo",
            "ignore_vulnerability_alerts_during_read": null,
            "is_template": false,
            "license_template": null,
            "merge_commit_message": "PR_TITLE",
            "merge_commit_title": "MERGE_MESSAGE",
            "name": "mtc-repo",
            "node_id": "R_kgDOMmV_9Q",
            "pages": [],
            "primary_language": "",
            "private": true,
            "repo_id": 845512693,
            "security_and_analysis": [],
            "squash_merge_commit_message": "COMMIT_MESSAGES",
            "squash_merge_commit_title": "COMMIT_OR_PR_TITLE",
            "ssh_clone_url": "git@github.com:Saif178/mtc-repo.git",
            "svn_url": "https://github.com/Saif178/mtc-repo",
            "template": [],
            "topics": [],
            "visibility": "private",
            "vulnerability_alerts": false,
            "web_commit_signoff_required": false
          },
          "sensitive_attributes": [],
          "private": "eyJzY2hlbWFfdmVyc2lvbiI6IjEifQ=="
        }
      ]
    },
    {
      "mode": "managed",
      "type": "github_repository_file",
      "name": "readme",
      "provider": "provider[\"registry.terraform.io/integrations/github\"]",
      "instances": [
        {
          "schema_version": 0,
          "attributes": {
            "branch": "main",
            "commit_author": null,
            "commit_email": null,
            "commit_message": "Add README.md",
            "commit_sha": "09d3bfa0173a0ca785938adc37025336f859b794",
            "content": "# This repo is for infra devlopers.",
            "file": "README.md",
            "id": "mtc-repo/README.md",
            "overwrite_on_create": true,
            "ref": "main",
            "repository": "mtc-repo",
            "sha": "13803019769144c57ade1c0fd3828fd56aad6c06"
          },
          "sensitive_attributes": [],
          "private": "bnVsbA==",
          "dependencies": [
            "github_repository.mtc-repo"
          ]
        }
      ]
    }
  ],
  "check_results": null
}
