{
  "version": 4,
  "terraform_version": "1.9.5",
  "serial": 10,
  "lineage": "50c5b994-ad40-1409-f3da-21d8a96e7b91",
  "outputs": {},
  "resources": [
    {
      "mode": "managed",
      "type": "github_repository",
      "name": "mtc-repo",
      "provider": "provider[\"registry.terraform.io/integrations/github\"]",
      "instances": [
        {
          "schema_version": 1,
          "attributes": {
            "allow_auto_merge": false,
            "allow_merge_commit": true,
            "allow_rebase_merge": true,
            "allow_squash_merge": true,
            "allow_update_branch": false,
            "archive_on_destroy": null,
            "archived": false,
            "auto_init": true,
            "default_branch": "main",
            "delete_branch_on_merge": false,
            "description": "Code for MTC",
            "etag": "W/\"b59b1359cbbb8a2da603477f2cbf31a596b1d194e3d758dd874bb6d4c57193ce\"",
            "full_name": "Saif178/mtc-repo",
            "git_clone_url": "git://github.com/Saif178/mtc-repo.git",
            "gitignore_template": null,
            "has_discussions": false,
            "has_downloads": false,
            "has_issues": false,
            "has_projects": false,
            "has_wiki": false,
            "homepage_url": "",
            "html_url": "https://github.com/Saif178/mtc-repo",
            "http_clone_url": "https://github.com/Saif178/mtc-repo.git",
            "id": "mtc-repo",
            "ignore_vulnerability_alerts_during_read": null,
            "is_template": false,
            "license_template": null,
            "merge_commit_message": "PR_TITLE",
            "merge_commit_title": "MERGE_MESSAGE",
            "name": "mtc-repo",
            "node_id": "R_kgDOMmWMIQ",
            "pages": [],
            "primary_language": "",
            "private": true,
            "repo_id": 845515809,
            "security_and_analysis": [],
            "squash_merge_commit_message": "COMMIT_MESSAGES",
            "squash_merge_commit_title": "COMMIT_OR_PR_TITLE",
            "ssh_clone_url": "git@github.com:Saif178/mtc-repo.git",
            "svn_url": "https://github.com/Saif178/mtc-repo",
            "template": [],
            "topics": [],
            "visibility": "private",
            "vulnerability_alerts": false,
            "web_commit_signoff_required": false
          },
          "sensitive_attributes": [],
          "private": "eyJzY2hlbWFfdmVyc2lvbiI6IjEifQ=="
        }
      ]
    },
    {
      "mode": "managed",
      "type": "github_repository_file",
      "name": "readme",
      "provider": "provider[\"registry.terraform.io/integrations/github\"]",
      "instances": [
        {
          "schema_version": 0,
          "attributes": {
            "branch": "main",
            "commit_author": null,
            "commit_email": null,
            "commit_message": "Add README.md",
            "commit_sha": "5b83d734a7e92165008b710fc0866c234b050323",
            "content": "# This repo is for infra devlopers.",
            "file": "README.md",
            "id": "mtc-repo/README.md",
            "overwrite_on_create": true,
            "ref": "main",
            "repository": "mtc-repo",
            "sha": "13803019769144c57ade1c0fd3828fd56aad6c06"
          },
          "sensitive_attributes": [],
          "private": "bnVsbA==",
          "dependencies": [
            "github_repository.mtc-repo"
          ]
        }
      ]
    }
  ],
  "check_results": null
}
