{
  "version": 4,
  "terraform_version": "1.9.5",
  "serial": 31,
  "lineage": "50c5b994-ad40-1409-f3da-21d8a96e7b91",
  "outputs": {},
  "resources": [
    {
      "mode": "managed",
      "type": "github_repository",
      "name": "mtc-repo",
      "provider": "provider[\"registry.terraform.io/integrations/github\"]",
      "instances": [
        {
          "index_key": 0,
          "schema_version": 1,
          "attributes": {
            "allow_auto_merge": false,
            "allow_merge_commit": true,
            "allow_rebase_merge": true,
            "allow_squash_merge": true,
            "allow_update_branch": false,
            "archive_on_destroy": null,
            "archived": false,
            "auto_init": true,
            "default_branch": "main",
            "delete_branch_on_merge": false,
            "description": "Code for MTC",
            "etag": "W/\"2c35bc2d2de36cde5bfab2f234a04e27e5d917b514f2d2499acf7b7af32eb961\"",
            "full_name": "Saif178/mtc-repo-43299",
            "git_clone_url": "git://github.com/Saif178/mtc-repo-43299.git",
            "gitignore_template": null,
            "has_discussions": false,
            "has_downloads": false,
            "has_issues": false,
            "has_projects": false,
            "has_wiki": false,
            "homepage_url": "",
            "html_url": "https://github.com/Saif178/mtc-repo-43299",
            "http_clone_url": "https://github.com/Saif178/mtc-repo-43299.git",
            "id": "mtc-repo-43299",
            "ignore_vulnerability_alerts_during_read": null,
            "is_template": false,
            "license_template": null,
            "merge_commit_message": "PR_TITLE",
            "merge_commit_title": "MERGE_MESSAGE",
            "name": "mtc-repo-43299",
            "node_id": "R_kgDOMmrUTA",
            "pages": [],
            "primary_language": "HTML",
            "private": true,
            "repo_id": 845861964,
            "security_and_analysis": [],
            "squash_merge_commit_message": "COMMIT_MESSAGES",
            "squash_merge_commit_title": "COMMIT_OR_PR_TITLE",
            "ssh_clone_url": "git@github.com:Saif178/mtc-repo-43299.git",
            "svn_url": "https://github.com/Saif178/mtc-repo-43299",
            "template": [],
            "topics": [],
            "visibility": "private",
            "vulnerability_alerts": false,
            "web_commit_signoff_required": false
          },
          "sensitive_attributes": [],
          "private": "eyJzY2hlbWFfdmVyc2lvbiI6IjEifQ==",
          "dependencies": [
            "random_id.random"
          ]
        },
        {
          "index_key": 1,
          "schema_version": 1,
          "attributes": {
            "allow_auto_merge": false,
            "allow_merge_commit": true,
            "allow_rebase_merge": true,
            "allow_squash_merge": true,
            "allow_update_branch": false,
            "archive_on_destroy": null,
            "archived": false,
            "auto_init": true,
            "default_branch": "main",
            "delete_branch_on_merge": false,
            "description": "Code for MTC",
            "etag": "W/\"5a7ba39b9bff6b8e9130f583bf6378f8ca4799181a8396e53a1df1b0a97f7a64\"",
            "full_name": "Saif178/mtc-repo-16488",
            "git_clone_url": "git://github.com/Saif178/mtc-repo-16488.git",
            "gitignore_template": null,
            "has_discussions": false,
            "has_downloads": false,
            "has_issues": false,
            "has_projects": false,
            "has_wiki": false,
            "homepage_url": "",
            "html_url": "https://github.com/Saif178/mtc-repo-16488",
            "http_clone_url": "https://github.com/Saif178/mtc-repo-16488.git",
            "id": "mtc-repo-16488",
            "ignore_vulnerability_alerts_during_read": null,
            "is_template": false,
            "license_template": null,
            "merge_commit_message": "PR_TITLE",
            "merge_commit_title": "MERGE_MESSAGE",
            "name": "mtc-repo-16488",
            "node_id": "R_kgDOMmspwA",
            "pages": [],
            "primary_language": "",
            "private": true,
            "repo_id": 845883840,
            "security_and_analysis": [],
            "squash_merge_commit_message": "COMMIT_MESSAGES",
            "squash_merge_commit_title": "COMMIT_OR_PR_TITLE",
            "ssh_clone_url": "git@github.com:Saif178/mtc-repo-16488.git",
            "svn_url": "https://github.com/Saif178/mtc-repo-16488",
            "template": [],
            "topics": [],
            "visibility": "private",
            "vulnerability_alerts": false,
            "web_commit_signoff_required": false
          },
          "sensitive_attributes": [],
          "private": "eyJzY2hlbWFfdmVyc2lvbiI6IjEifQ==",
          "dependencies": [
            "random_id.random"
          ]
        }
      ]
    },
    {
      "mode": "managed",
      "type": "random_id",
      "name": "random",
      "provider": "provider[\"registry.terraform.io/hashicorp/random\"]",
      "instances": [
        {
          "index_key": 0,
          "schema_version": 0,
          "attributes": {
            "b64_std": "qSM=",
            "b64_url": "qSM",
            "byte_length": 2,
            "dec": "43299",
            "hex": "a923",
            "id": "qSM",
            "keepers": null,
            "prefix": null
          },
          "sensitive_attributes": []
        },
        {
          "index_key": 1,
          "schema_version": 0,
          "attributes": {
            "b64_std": "QGg=",
            "b64_url": "QGg",
            "byte_length": 2,
            "dec": "16488",
            "hex": "4068",
            "id": "QGg",
            "keepers": null,
            "prefix": null
          },
          "sensitive_attributes": []
        }
      ]
    }
  ],
  "check_results": null
}
